
Microsoft Visual Studio Solution File, Format Version 12.00
# Visual Studio 14
VisualStudioVersion = 14.0.25420.1
MinimumVisualStudioVersion = 10.0.40219.1
Project("{D954291E-2A0B-460D-934E-DC6B0785DB48}") = "GPSUpdater", "GPSUpdater\GPSUpdater\GPSUpdater.shproj", "{70CA63F3-EFB6-4C5E-B7D6-5E18770D040B}"
EndProject
Project("{FAE04EC0-301F-11D3-BF4B-00C04F79EFBC}") = "GPSUpdater.Android", "GPSUpdater\GPSUpdater.Android\GPSUpdater.Android.csproj", "{D1D54767-219F-481E-8A52-31C4E89998A1}"
EndProject
Project("{FAE04EC0-301F-11D3-BF4B-00C04F79EFBC}") = "GPSUpdater.iOS", "GPSUpdater\GPSUpdater.iOS\GPSUpdater.iOS.csproj", "{513D5E82-AB80-47AE-B9BA-E7A519EBF69F}"
EndProject
Global
	GlobalSection(SharedMSBuildProjectFiles) = preSolution
		GPSUpdater\GPSUpdater\GPSUpdater.projitems*{513d5e82-ab80-47ae-b9ba-e7a519ebf69f}*SharedItemsImports = 4
		GPSUpdater\GPSUpdater\GPSUpdater.projitems*{70ca63f3-efb6-4c5e-b7d6-5e18770d040b}*SharedItemsImports = 13
		GPSUpdater\GPSUpdater\GPSUpdater.projitems*{d1d54767-219f-481e-8a52-31c4e89998a1}*SharedItemsImports = 4
	EndGlobalSection
	GlobalSection(SolutionConfigurationPlatforms) = preSolution
		Ad-Hoc|Any CPU = Ad-Hoc|Any CPU
		Ad-Hoc|iPhone = Ad-Hoc|iPhone
		Ad-Hoc|iPhoneSimulator = Ad-Hoc|iPhoneSimulator
		AppStore|Any CPU = AppStore|Any CPU
		AppStore|iPhone = AppStore|iPhone
		AppStore|iPhoneSimulator = AppStore|iPhoneSimulator
		Debug|Any CPU = Debug|Any CPU
		Debug|iPhone = Debug|iPhone
		Debug|iPhoneSimulator = Debug|iPhoneSimulator
		Release|Any CPU = Release|Any CPU
		Release|iPhone = Release|iPhone
		Release|iPhoneSimulator = Release|iPhoneSimulator
	EndGlobalSection
	GlobalSection(ProjectConfigurationPlatforms) = postSolution
		{D1D54767-219F-481E-8A52-31C4E89998A1}.Ad-Hoc|Any CPU.ActiveCfg = Release|Any CPU
		{D1D54767-219F-481E-8A52-31C4E89998A1}.Ad-Hoc|Any CPU.Build.0 = Release|Any CPU
		{D1D54767-219F-481E-8A52-31C4E89998A1}.Ad-Hoc|Any CPU.Deploy.0 = Release|Any CPU
		{D1D54767-219F-481E-8A52-31C4E89998A1}.Ad-Hoc|iPhone.ActiveCfg = Release|Any CPU
		{D1D54767-219F-481E-8A52-31C4E89998A1}.Ad-Hoc|iPhone.Build.0 = Release|Any CPU
		{D1D54767-219F-481E-8A52-31C4E89998A1}.Ad-Hoc|iPhone.Deploy.0 = Release|Any CPU
		{D1D54767-219F-481E-8A52-31C4E89998A1}.Ad-Hoc|iPhoneSimulator.ActiveCfg = Release|Any CPU
		{D1D54767-219F-481E-8A52-31C4E89998A1}.Ad-Hoc|iPhoneSimulator.Build.0 = Release|Any CPU
		{D1D54767-219F-481E-8A52-31C4E89998A1}.Ad-Hoc|iPhoneSimulator.Deploy.0 = Release|Any CPU
		{D1D54767-219F-481E-8A52-31C4E89998A1}.AppStore|Any CPU.ActiveCfg = Release|Any CPU
		{D1D54767-219F-481E-8A52-31C4E89998A1}.AppStore|Any CPU.Build.0 = Release|Any CPU
		{D1D54767-219F-481E-8A52-31C4E89998A1}.AppStore|Any CPU.Deploy.0 = Release|Any CPU
		{D1D54767-219F-481E-8A52-31C4E89998A1}.AppStore|iPhone.ActiveCfg = Release|Any CPU
		{D1D54767-219F-481E-8A52-31C4E89998A1}.AppStore|iPhone.Build.0 = Release|Any CPU
		{D1D54767-219F-481E-8A52-31C4E89998A1}.AppStore|iPhone.Deploy.0 = Release|Any CPU
		{D1D54767-219F-481E-8A52-31C4E89998A1}.AppStore|iPhoneSimulator.ActiveCfg = Release|Any CPU
		{D1D54767-219F-481E-8A52-31C4E89998A1}.AppStore|iPhoneSimulator.Build.0 = Release|Any CPU
		{D1D54767-219F-481E-8A52-31C4E89998A1}.AppStore|iPhoneSimulator.Deploy.0 = Release|Any CPU
		{D1D54767-219F-481E-8A52-31C4E89998A1}.Debug|Any CPU.ActiveCfg = Debug|Any CPU
		{D1D54767-219F-481E-8A52-31C4E89998A1}.Debug|Any CPU.Build.0 = Debug|Any CPU
		{D1D54767-219F-481E-8A52-31C4E89998A1}.Debug|Any CPU.Deploy.0 = Debug|Any CPU
		{D1D54767-219F-481E-8A52-31C4E89998A1}.Debug|iPhone.ActiveCfg = Debug|Any CPU
		{D1D54767-219F-481E-8A52-31C4E89998A1}.Debug|iPhone.Build.0 = Debug|Any CPU
		{D1D54767-219F-481E-8A52-31C4E89998A1}.Debug|iPhone.Deploy.0 = Debug|Any CPU
		{D1D54767-219F-481E-8A52-31C4E89998A1}.Debug|iPhoneSimulator.ActiveCfg = Debug|Any CPU
		{D1D54767-219F-481E-8A52-31C4E89998A1}.Debug|iPhoneSimulator.Build.0 = Debug|Any CPU
		{D1D54767-219F-481E-8A52-31C4E89998A1}.Debug|iPhoneSimulator.Deploy.0 = Debug|Any CPU
		{D1D54767-219F-481E-8A52-31C4E89998A1}.Release|Any CPU.ActiveCfg = Release|Any CPU
		{D1D54767-219F-481E-8A52-31C4E89998A1}.Release|Any CPU.Build.0 = Release|Any CPU
		{D1D54767-219F-481E-8A52-31C4E89998A1}.Release|Any CPU.Deploy.0 = Release|Any CPU
		{D1D54767-219F-481E-8A52-31C4E89998A1}.Release|iPhone.ActiveCfg = Release|Any CPU
		{D1D54767-219F-481E-8A52-31C4E89998A1}.Release|iPhone.Build.0 = Release|Any CPU
		{D1D54767-219F-481E-8A52-31C4E89998A1}.Release|iPhone.Deploy.0 = Release|Any CPU
		{D1D54767-219F-481E-8A52-31C4E89998A1}.Release|iPhoneSimulator.ActiveCfg = Release|Any CPU
		{D1D54767-219F-481E-8A52-31C4E89998A1}.Release|iPhoneSimulator.Build.0 = Release|Any CPU
		{D1D54767-219F-481E-8A52-31C4E89998A1}.Release|iPhoneSimulator.Deploy.0 = Release|Any CPU
		{513D5E82-AB80-47AE-B9BA-E7A519EBF69F}.Ad-Hoc|Any CPU.ActiveCfg = Ad-Hoc|iPhone
		{513D5E82-AB80-47AE-B9BA-E7A519EBF69F}.Ad-Hoc|iPhone.ActiveCfg = Ad-Hoc|iPhone
		{513D5E82-AB80-47AE-B9BA-E7A519EBF69F}.Ad-Hoc|iPhone.Build.0 = Ad-Hoc|iPhone
		{513D5E82-AB80-47AE-B9BA-E7A519EBF69F}.Ad-Hoc|iPhoneSimulator.ActiveCfg = Ad-Hoc|iPhoneSimulator
		{513D5E82-AB80-47AE-B9BA-E7A519EBF69F}.Ad-Hoc|iPhoneSimulator.Build.0 = Ad-Hoc|iPhoneSimulator
		{513D5E82-AB80-47AE-B9BA-E7A519EBF69F}.AppStore|Any CPU.ActiveCfg = AppStore|iPhone
		{513D5E82-AB80-47AE-B9BA-E7A519EBF69F}.AppStore|iPhone.ActiveCfg = AppStore|iPhone
		{513D5E82-AB80-47AE-B9BA-E7A519EBF69F}.AppStore|iPhone.Build.0 = AppStore|iPhone
		{513D5E82-AB80-47AE-B9BA-E7A519EBF69F}.AppStore|iPhoneSimulator.ActiveCfg = AppStore|iPhoneSimulator
		{513D5E82-AB80-47AE-B9BA-E7A519EBF69F}.AppStore|iPhoneSimulator.Build.0 = AppStore|iPhoneSimulator
		{513D5E82-AB80-47AE-B9BA-E7A519EBF69F}.Debug|Any CPU.ActiveCfg = Debug|iPhone
		{513D5E82-AB80-47AE-B9BA-E7A519EBF69F}.Debug|iPhone.ActiveCfg = Debug|iPhone
		{513D5E82-AB80-47AE-B9BA-E7A519EBF69F}.Debug|iPhone.Build.0 = Debug|iPhone
		{513D5E82-AB80-47AE-B9BA-E7A519EBF69F}.Debug|iPhoneSimulator.ActiveCfg = Debug|iPhoneSimulator
		{513D5E82-AB80-47AE-B9BA-E7A519EBF69F}.Debug|iPhoneSimulator.Build.0 = Debug|iPhoneSimulator
		{513D5E82-AB80-47AE-B9BA-E7A519EBF69F}.Release|Any CPU.ActiveCfg = Release|iPhone
		{513D5E82-AB80-47AE-B9BA-E7A519EBF69F}.Release|iPhone.ActiveCfg = Release|iPhone
		{513D5E82-AB80-47AE-B9BA-E7A519EBF69F}.Release|iPhone.Build.0 = Release|iPhone
		{513D5E82-AB80-47AE-B9BA-E7A519EBF69F}.Release|iPhoneSimulator.ActiveCfg = Release|iPhoneSimulator
		{513D5E82-AB80-47AE-B9BA-E7A519EBF69F}.Release|iPhoneSimulator.Build.0 = Release|iPhoneSimulator
	EndGlobalSection
	GlobalSection(SolutionProperties) = preSolution
		HideSolutionNode = FALSE
	EndGlobalSection
EndGlobal
